
Microsoft Visual Studio Solution File, Format Version 12.00
#
Project("{FAE04EC0-301F-11D3-BF4B-00C04F79EFBC}") = "ProfileMAnager", "ProfileMAnager\ProfileMAnager.csproj", "{FD95BE51-0F96-40D6-9F45-89076E1F7AEB}"
EndProject
Project("{FAE04EC0-301F-11D3-BF4B-00C04F79EFBC}") = "Test_Project_Manager", "Test_Project_Manager\Test_Project_Manager.csproj", "{07CFBA62-78D7-4AF7-AC9E-120132404C24}"
EndProject
Global
	GlobalSection(SolutionConfigurationPlatforms) = preSolution
		Debug|Any CPU = Debug|Any CPU
		Release|Any CPU = Release|Any CPU
	EndGlobalSection
	GlobalSection(ProjectConfigurationPlatforms) = postSolution
		{FD95BE51-0F96-40D6-9F45-89076E1F7AEB}.Debug|Any CPU.ActiveCfg = Debug|Any CPU
		{FD95BE51-0F96-40D6-9F45-89076E1F7AEB}.Debug|Any CPU.Build.0 = Debug|Any CPU
		{FD95BE51-0F96-40D6-9F45-89076E1F7AEB}.Release|Any CPU.ActiveCfg = Release|Any CPU
		{FD95BE51-0F96-40D6-9F45-89076E1F7AEB}.Release|Any CPU.Build.0 = Release|Any CPU
		{07CFBA62-78D7-4AF7-AC9E-120132404C24}.Debug|Any CPU.ActiveCfg = Debug|Any CPU
		{07CFBA62-78D7-4AF7-AC9E-120132404C24}.Debug|Any CPU.Build.0 = Debug|Any CPU
		{07CFBA62-78D7-4AF7-AC9E-120132404C24}.Release|Any CPU.ActiveCfg = Release|Any CPU
		{07CFBA62-78D7-4AF7-AC9E-120132404C24}.Release|Any CPU.Build.0 = Release|Any CPU
	EndGlobalSection
EndGlobal
